// !$*UTF8*$!
{
	archiveVersion = 1;
	classes = {
	};
	objectVersion = 56;
	objects = {

/* Begin PBXBuildFile section */
		AB289E3B2A443C48006E8BAB /* AirportApp.swift in Sources */ = {isa = PBXBuildFile; fileRef = AB289E3A2A443C48006E8BAB /* AirportApp.swift */; };
		AB289E3D2A443C48006E8BAB /* ContentView.swift in Sources */ = {isa = PBXBuildFile; fileRef = AB289E3C2A443C48006E8BAB /* ContentView.swift */; };
		AB289E3F2A443C49006E8BAB /* Assets.xcassets in Resources */ = {isa = PBXBuildFile; fileRef = AB289E3E2A443C49006E8BAB /* Assets.xcassets */; };
		AB289E422A443C49006E8BAB /* Preview Assets.xcassets in Resources */ = {isa = PBXBuildFile; fileRef = AB289E412A443C49006E8BAB /* Preview Assets.xcassets */; };
		AB289E492A443CA3006E8BAB /* HomeScreenView.swift in Sources */ = {isa = PBXBuildFile; fileRef = AB289E482A443CA3006E8BAB /* HomeScreenView.swift */; };
		AB289E4E2A443F28006E8BAB /* FlightInformation.swift in Sources */ = {isa = PBXBuildFile; fileRef = AB289E4D2A443F28006E8BAB /* FlightInformation.swift */; };
		AB289E502A443F56006E8BAB /* FlightHistory.swift in Sources */ = {isa = PBXBuildFile; fileRef = AB289E4F2A443F56006E8BAB /* FlightHistory.swift */; };
		AB289E522A443FE7006E8BAB /* UserProfileView.swift in Sources */ = {isa = PBXBuildFile; fileRef = AB289E512A443FE7006E8BAB /* UserProfileView.swift */; };
		AB289E542A444121006E8BAB /* FlightBoardView.swift in Sources */ = {isa = PBXBuildFile; fileRef = AB289E532A444121006E8BAB /* FlightBoardView.swift */; };
		AB289E562A4442BF006E8BAB /* TimeLineView.swift in Sources */ = {isa = PBXBuildFile; fileRef = AB289E552A4442BF006E8BAB /* TimeLineView.swift */; };
		AB289E5D2A4451F1006E8BAB /* TimelineTableViewCell.swift in Sources */ = {isa = PBXBuildFile; fileRef = AB289E582A4451F1006E8BAB /* TimelineTableViewCell.swift */; };
		AB289E5E2A4451F1006E8BAB /* Timeline.swift in Sources */ = {isa = PBXBuildFile; fileRef = AB289E592A4451F1006E8BAB /* Timeline.swift */; };
		AB289E5F2A4451F1006E8BAB /* TimelinePoint.swift in Sources */ = {isa = PBXBuildFile; fileRef = AB289E5B2A4451F1006E8BAB /* TimelinePoint.swift */; };
		AB289E602A4451F1006E8BAB /* TimelineTableViewCell.xib in Resources */ = {isa = PBXBuildFile; fileRef = AB289E5C2A4451F1006E8BAB /* TimelineTableViewCell.xib */; };
		AB289E622A446B21006E8BAB /* FlightRowView.swift in Sources */ = {isa = PBXBuildFile; fileRef = AB289E612A446B21006E8BAB /* FlightRowView.swift */; };
		AB289E642A446F3D006E8BAB /* FlightDetailsView.swift in Sources */ = {isa = PBXBuildFile; fileRef = AB289E632A446F3D006E8BAB /* FlightDetailsView.swift */; };
/* End PBXBuildFile section */

/* Begin PBXFileReference section */
		AB289E372A443C48006E8BAB /* Airport.app */ = {isa = PBXFileReference; explicitFileType = wrapper.application; includeInIndex = 0; path = Airport.app; sourceTree = BUILT_PRODUCTS_DIR; };
		AB289E3A2A443C48006E8BAB /* AirportApp.swift */ = {isa = PBXFileReference; lastKnownFileType = sourcecode.swift; path = AirportApp.swift; sourceTree = "<group>"; };
		AB289E3C2A443C48006E8BAB /* ContentView.swift */ = {isa = PBXFileReference; lastKnownFileType = sourcecode.swift; path = ContentView.swift; sourceTree = "<group>"; };
		AB289E3E2A443C49006E8BAB /* Assets.xcassets */ = {isa = PBXFileReference; lastKnownFileType = folder.assetcatalog; path = Assets.xcassets; sourceTree = "<group>"; };
		AB289E412A443C49006E8BAB /* Preview Assets.xcassets */ = {isa = PBXFileReference; lastKnownFileType = folder.assetcatalog; path = "Preview Assets.xcassets"; sourceTree = "<group>"; };
		AB289E482A443CA3006E8BAB /* HomeScreenView.swift */ = {isa = PBXFileReference; lastKnownFileType = sourcecode.swift; path = HomeScreenView.swift; sourceTree = "<group>"; };
		AB289E4D2A443F28006E8BAB /* FlightInformation.swift */ = {isa = PBXFileReference; lastKnownFileType = sourcecode.swift; path = FlightInformation.swift; sourceTree = "<group>"; };
		AB289E4F2A443F56006E8BAB /* FlightHistory.swift */ = {isa = PBXFileReference; lastKnownFileType = sourcecode.swift; path = FlightHistory.swift; sourceTree = "<group>"; };
		AB289E512A443FE7006E8BAB /* UserProfileView.swift */ = {isa = PBXFileReference; lastKnownFileType = sourcecode.swift; path = UserProfileView.swift; sourceTree = "<group>"; };
		AB289E532A444121006E8BAB /* FlightBoardView.swift */ = {isa = PBXFileReference; lastKnownFileType = sourcecode.swift; path = FlightBoardView.swift; sourceTree = "<group>"; };
		AB289E552A4442BF006E8BAB /* TimeLineView.swift */ = {isa = PBXFileReference; lastKnownFileType = sourcecode.swift; path = TimeLineView.swift; sourceTree = "<group>"; };
		AB289E582A4451F1006E8BAB /* TimelineTableViewCell.swift */ = {isa = PBXFileReference; fileEncoding = 4; lastKnownFileType = sourcecode.swift; path = TimelineTableViewCell.swift; sourceTree = "<group>"; };
		AB289E592A4451F1006E8BAB /* Timeline.swift */ = {isa = PBXFileReference; fileEncoding = 4; lastKnownFileType = sourcecode.swift; path = Timeline.swift; sourceTree = "<group>"; };
		AB289E5A2A4451F1006E8BAB /* TimelineTableViewCell.h */ = {isa = PBXFileReference; fileEncoding = 4; lastKnownFileType = sourcecode.c.h; path = TimelineTableViewCell.h; sourceTree = "<group>"; };
		AB289E5B2A4451F1006E8BAB /* TimelinePoint.swift */ = {isa = PBXFileReference; fileEncoding = 4; lastKnownFileType = sourcecode.swift; path = TimelinePoint.swift; sourceTree = "<group>"; };
		AB289E5C2A4451F1006E8BAB /* TimelineTableViewCell.xib */ = {isa = PBXFileReference; fileEncoding = 4; lastKnownFileType = file.xib; path = TimelineTableViewCell.xib; sourceTree = "<group>"; };
		AB289E612A446B21006E8BAB /* FlightRowView.swift */ = {isa = PBXFileReference; lastKnownFileType = sourcecode.swift; path = FlightRowView.swift; sourceTree = "<group>"; };
		AB289E632A446F3D006E8BAB /* FlightDetailsView.swift */ = {isa = PBXFileReference; lastKnownFileType = sourcecode.swift; path = FlightDetailsView.swift; sourceTree = "<group>"; };
/* End PBXFileReference section */

/* Begin PBXFrameworksBuildPhase section */
		AB289E342A443C48006E8BAB /* Frameworks */ = {
			isa = PBXFrameworksBuildPhase;
			buildActionMask = 2147483647;
			files = (
			);
			runOnlyForDeploymentPostprocessing = 0;
		};
/* End PBXFrameworksBuildPhase section */

/* Begin PBXGroup section */
		AB289E2E2A443C48006E8BAB = {
			isa = PBXGroup;
			children = (
				AB289E572A4451F1006E8BAB /* TimelineTableViewCell */,
				AB289E4C2A443EEC006E8BAB /* Models */,
				AB289E392A443C48006E8BAB /* Airport */,
				AB289E382A443C48006E8BAB /* Products */,
			);
			sourceTree = "<group>";
		};
		AB289E382A443C48006E8BAB /* Products */ = {
			isa = PBXGroup;
			children = (
				AB289E372A443C48006E8BAB /* Airport.app */,
			);
			name = Products;
			sourceTree = "<group>";
		};
		AB289E392A443C48006E8BAB /* Airport */ = {
			isa = PBXGroup;
			children = (
				AB289E3A2A443C48006E8BAB /* AirportApp.swift */,
				AB289E3C2A443C48006E8BAB /* ContentView.swift */,
				AB289E482A443CA3006E8BAB /* HomeScreenView.swift */,
				AB289E512A443FE7006E8BAB /* UserProfileView.swift */,
				AB289E532A444121006E8BAB /* FlightBoardView.swift */,
				AB289E552A4442BF006E8BAB /* TimeLineView.swift */,
				AB289E612A446B21006E8BAB /* FlightRowView.swift */,
				AB289E632A446F3D006E8BAB /* FlightDetailsView.swift */,
				AB289E3E2A443C49006E8BAB /* Assets.xcassets */,
				AB289E402A443C49006E8BAB /* Preview Content */,
			);
			path = Airport;
			sourceTree = "<group>";
		};
		AB289E402A443C49006E8BAB /* Preview Content */ = {
			isa = PBXGroup;
			children = (
				AB289E412A443C49006E8BAB /* Preview Assets.xcassets */,
			);
			path = "Preview Content";
			sourceTree = "<group>";
		};
		AB289E4C2A443EEC006E8BAB /* Models */ = {
			isa = PBXGroup;
			children = (
				AB289E4D2A443F28006E8BAB /* FlightInformation.swift */,
				AB289E4F2A443F56006E8BAB /* FlightHistory.swift */,
			);
			path = Models;
			sourceTree = "<group>";
		};
		AB289E572A4451F1006E8BAB /* TimelineTableViewCell */ = {
			isa = PBXGroup;
			children = (
				AB289E582A4451F1006E8BAB /* TimelineTableViewCell.swift */,
				AB289E592A4451F1006E8BAB /* Timeline.swift */,
				AB289E5A2A4451F1006E8BAB /* TimelineTableViewCell.h */,
				AB289E5B2A4451F1006E8BAB /* TimelinePoint.swift */,
				AB289E5C2A4451F1006E8BAB /* TimelineTableViewCell.xib */,
			);
			path = TimelineTableViewCell;
			sourceTree = "<group>";
		};
/* End PBXGroup section */

/* Begin PBXNativeTarget section */
		AB289E362A443C48006E8BAB /* Airport */ = {
			isa = PBXNativeTarget;
			buildConfigurationList = AB289E452A443C49006E8BAB /* Build configuration list for PBXNativeTarget "Airport" */;
			buildPhases = (
				AB289E332A443C48006E8BAB /* Sources */,
				AB289E342A443C48006E8BAB /* Frameworks */,
				AB289E352A443C48006E8BAB /* Resources */,
			);
			buildRules = (
			);
			dependencies = (
			);
			name = Airport;
			productName = Airport;
			productReference = AB289E372A443C48006E8BAB /* Airport.app */;
			productType = "com.apple.product-type.application";
		};
/* End PBXNativeTarget section */

/* Begin PBXProject section */
		AB289E2F2A443C48006E8BAB /* Project object */ = {
			isa = PBXProject;
			attributes = {
				BuildIndependentTargetsInParallel = 1;
				LastSwiftUpdateCheck = 1430;
				LastUpgradeCheck = 1430;
				TargetAttributes = {
					AB289E362A443C48006E8BAB = {
						CreatedOnToolsVersion = 14.3.1;
					};
				};
			};
			buildConfigurationList = AB289E322A443C48006E8BAB /* Build configuration list for PBXProject "Airport" */;
			compatibilityVersion = "Xcode 14.0";
			developmentRegion = en;
			hasScannedForEncodings = 0;
			knownRegions = (
				en,
				Base,
			);
			mainGroup = AB289E2E2A443C48006E8BAB;
			productRefGroup = AB289E382A443C48006E8BAB /* Products */;
			projectDirPath = "";
			projectRoot = "";
			targets = (
				AB289E362A443C48006E8BAB /* Airport */,
			);
		};
/* End PBXProject section */

/* Begin PBXResourcesBuildPhase section */
		AB289E352A443C48006E8BAB /* Resources */ = {
			isa = PBXResourcesBuildPhase;
			buildActionMask = 2147483647;
			files = (
				AB289E422A443C49006E8BAB /* Preview Assets.xcassets in Resources */,
				AB289E602A4451F1006E8BAB /* TimelineTableViewCell.xib in Resources */,
				AB289E3F2A443C49006E8BAB /* Assets.xcassets in Resources */,
			);
			runOnlyForDeploymentPostprocessing = 0;
		};
/* End PBXResourcesBuildPhase section */

/* Begin PBXSourcesBuildPhase section */
		AB289E332A443C48006E8BAB /* Sources */ = {
			isa = PBXSourcesBuildPhase;
			buildActionMask = 2147483647;
			files = (
				AB289E492A443CA3006E8BAB /* HomeScreenView.swift in Sources */,
				AB289E5D2A4451F1006E8BAB /* TimelineTableViewCell.swift in Sources */,
				AB289E642A446F3D006E8BAB /* FlightDetailsView.swift in Sources */,
				AB289E5F2A4451F1006E8BAB /* TimelinePoint.swift in Sources */,
				AB289E522A443FE7006E8BAB /* UserProfileView.swift in Sources */,
				AB289E3D2A443C48006E8BAB /* ContentView.swift in Sources */,
				AB289E4E2A443F28006E8BAB /* FlightInformation.swift in Sources */,
				AB289E3B2A443C48006E8BAB /* AirportApp.swift in Sources */,
				AB289E502A443F56006E8BAB /* FlightHistory.swift in Sources */,
				AB289E542A444121006E8BAB /* FlightBoardView.swift in Sources */,
				AB289E5E2A4451F1006E8BAB /* Timeline.swift in Sources */,
				AB289E562A4442BF006E8BAB /* TimeLineView.swift in Sources */,
				AB289E622A446B21006E8BAB /* FlightRowView.swift in Sources */,
			);
			runOnlyForDeploymentPostprocessing = 0;
		};
/* End PBXSourcesBuildPhase section */

/* Begin XCBuildConfiguration section */
		AB289E432A443C49006E8BAB /* Debug */ = {
			isa = XCBuildConfiguration;
			buildSettings = {
				ALWAYS_SEARCH_USER_PATHS = NO;
				CLANG_ANALYZER_NONNULL = YES;
				CLANG_ANALYZER_NUMBER_OBJECT_CONVERSION = YES_AGGRESSIVE;
				CLANG_CXX_LANGUAGE_STANDARD = "gnu++20";
				CLANG_ENABLE_MODULES = YES;
				CLANG_ENABLE_OBJC_ARC = YES;
				CLANG_ENABLE_OBJC_WEAK = YES;
				CLANG_WARN_BLOCK_CAPTURE_AUTORELEASING = YES;
				CLANG_WARN_BOOL_CONVERSION = YES;
				CLANG_WARN_COMMA = YES;
				CLANG_WARN_CONSTANT_CONVERSION = YES;
				CLANG_WARN_DEPRECATED_OBJC_IMPLEMENTATIONS = YES;
				CLANG_WARN_DIRECT_OBJC_ISA_USAGE = YES_ERROR;
				CLANG_WARN_DOCUMENTATION_COMMENTS = YES;
				CLANG_WARN_EMPTY_BODY = YES;
				CLANG_WARN_ENUM_CONVERSION = YES;
				CLANG_WARN_INFINITE_RECURSION = YES;
				CLANG_WARN_INT_CONVERSION = YES;
				CLANG_WARN_NON_LITERAL_NULL_CONVERSION = YES;
				CLANG_WARN_OBJC_IMPLICIT_RETAIN_SELF = YES;
				CLANG_WARN_OBJC_LITERAL_CONVERSION = YES;
				CLANG_WARN_OBJC_ROOT_CLASS = YES_ERROR;
				CLANG_WARN_QUOTED_INCLUDE_IN_FRAMEWORK_HEADER = YES;
				CLANG_WARN_RANGE_LOOP_ANALYSIS = YES;
				CLANG_WARN_STRICT_PROTOTYPES = YES;
				CLANG_WARN_SUSPICIOUS_MOVE = YES;
				CLANG_WARN_UNGUARDED_AVAILABILITY = YES_AGGRESSIVE;
				CLANG_WARN_UNREACHABLE_CODE = YES;
				CLANG_WARN__DUPLICATE_METHOD_MATCH = YES;
				COPY_PHASE_STRIP = NO;
				DEBUG_INFORMATION_FORMAT = dwarf;
				ENABLE_STRICT_OBJC_MSGSEND = YES;
				ENABLE_TESTABILITY = YES;
				GCC_C_LANGUAGE_STANDARD = gnu11;
				GCC_DYNAMIC_NO_PIC = NO;
				GCC_NO_COMMON_BLOCKS = YES;
				GCC_OPTIMIZATION_LEVEL = 0;
				GCC_PREPROCESSOR_DEFINITIONS = (
					"DEBUG=1",
					"$(inherited)",
				);
				GCC_WARN_64_TO_32_BIT_CONVERSION = YES;
				GCC_WARN_ABOUT_RETURN_TYPE = YES_ERROR;
				GCC_WARN_UNDECLARED_SELECTOR = YES;
				GCC_WARN_UNINITIALIZED_AUTOS = YES_AGGRESSIVE;
				GCC_WARN_UNUSED_FUNCTION = YES;
				GCC_WARN_UNUSED_VARIABLE = YES;
				IPHONEOS_DEPLOYMENT_TARGET = 16.4;
				MTL_ENABLE_DEBUG_INFO = INCLUDE_SOURCE;
				MTL_FAST_MATH = YES;
				ONLY_ACTIVE_ARCH = YES;
				SDKROOT = iphoneos;
				SWIFT_ACTIVE_COMPILATION_CONDITIONS = DEBUG;
				SWIFT_OPTIMIZATION_LEVEL = "-Onone";
			};
			name = Debug;
		};
		AB289E442A443C49006E8BAB /* Release */ = {
			isa = XCBuildConfiguration;
			buildSettings = {
				ALWAYS_SEARCH_USER_PATHS = NO;
				CLANG_ANALYZER_NONNULL = YES;
				CLANG_ANALYZER_NUMBER_OBJECT_CONVERSION = YES_AGGRESSIVE;
				CLANG_CXX_LANGUAGE_STANDARD = "gnu++20";
				CLANG_ENABLE_MODULES = YES;
				CLANG_ENABLE_OBJC_ARC = YES;
				CLANG_ENABLE_OBJC_WEAK = YES;
				CLANG_WARN_BLOCK_CAPTURE_AUTORELEASING = YES;
				CLANG_WARN_BOOL_CONVERSION = YES;
				CLANG_WARN_COMMA = YES;
				CLANG_WARN_CONSTANT_CONVERSION = YES;
				CLANG_WARN_DEPRECATED_OBJC_IMPLEMENTATIONS = YES;
				CLANG_WARN_DIRECT_OBJC_ISA_USAGE = YES_ERROR;
				CLANG_WARN_DOCUMENTATION_COMMENTS = YES;
				CLANG_WARN_EMPTY_BODY = YES;
				CLANG_WARN_ENUM_CONVERSION = YES;
				CLANG_WARN_INFINITE_RECURSION = YES;
				CLANG_WARN_INT_CONVERSION = YES;
				CLANG_WARN_NON_LITERAL_NULL_CONVERSION = YES;
				CLANG_WARN_OBJC_IMPLICIT_RETAIN_SELF = YES;
				CLANG_WARN_OBJC_LITERAL_CONVERSION = YES;
				CLANG_WARN_OBJC_ROOT_CLASS = YES_ERROR;
				CLANG_WARN_QUOTED_INCLUDE_IN_FRAMEWORK_HEADER = YES;
				CLANG_WARN_RANGE_LOOP_ANALYSIS = YES;
				CLANG_WARN_STRICT_PROTOTYPES = YES;
				CLANG_WARN_SUSPICIOUS_MOVE = YES;
				CLANG_WARN_UNGUARDED_AVAILABILITY = YES_AGGRESSIVE;
				CLANG_WARN_UNREACHABLE_CODE = YES;
				CLANG_WARN__DUPLICATE_METHOD_MATCH = YES;
				COPY_PHASE_STRIP = NO;
				DEBUG_INFORMATION_FORMAT = "dwarf-with-dsym";
				ENABLE_NS_ASSERTIONS = NO;
				ENABLE_STRICT_OBJC_MSGSEND = YES;
				GCC_C_LANGUAGE_STANDARD = gnu11;
				GCC_NO_COMMON_BLOCKS = YES;
				GCC_WARN_64_TO_32_BIT_CONVERSION = YES;
				GCC_WARN_ABOUT_RETURN_TYPE = YES_ERROR;
				GCC_WARN_UNDECLARED_SELECTOR = YES;
				GCC_WARN_UNINITIALIZED_AUTOS = YES_AGGRESSIVE;
				GCC_WARN_UNUSED_FUNCTION = YES;
				GCC_WARN_UNUSED_VARIABLE = YES;
				IPHONEOS_DEPLOYMENT_TARGET = 16.4;
				MTL_ENABLE_DEBUG_INFO = NO;
				MTL_FAST_MATH = YES;
				SDKROOT = iphoneos;
				SWIFT_COMPILATION_MODE = wholemodule;
				SWIFT_OPTIMIZATION_LEVEL = "-O";
				VALIDATE_PRODUCT = YES;
			};
			name = Release;
		};
		AB289E462A443C49006E8BAB /* Debug */ = {
			isa = XCBuildConfiguration;
			buildSettings = {
				ASSETCATALOG_COMPILER_APPICON_NAME = AppIcon;
				ASSETCATALOG_COMPILER_GLOBAL_ACCENT_COLOR_NAME = AccentColor;
				CODE_SIGN_STYLE = Automatic;
				CURRENT_PROJECT_VERSION = 1;
				DEVELOPMENT_ASSET_PATHS = "\"Airport/Preview Content\"";
				DEVELOPMENT_TEAM = 56TGU6D7YV;
				ENABLE_PREVIEWS = YES;
				GENERATE_INFOPLIST_FILE = YES;
				INFOPLIST_KEY_UIApplicationSceneManifest_Generation = YES;
				INFOPLIST_KEY_UIApplicationSupportsIndirectInputEvents = YES;
				INFOPLIST_KEY_UILaunchScreen_Generation = YES;
				INFOPLIST_KEY_UISupportedInterfaceOrientations_iPad = "UIInterfaceOrientationPortrait UIInterfaceOrientationPortraitUpsideDown UIInterfaceOrientationLandscapeLeft UIInterfaceOrientationLandscapeRight";
				INFOPLIST_KEY_UISupportedInterfaceOrientations_iPhone = "UIInterfaceOrientationPortrait UIInterfaceOrientationLandscapeLeft UIInterfaceOrientationLandscapeRight";
				LD_RUNPATH_SEARCH_PATHS = (
					"$(inherited)",
					"@executable_path/Frameworks",
				);
				MARKETING_VERSION = 1.0;
				PRODUCT_BUNDLE_IDENTIFIER = Panferov.Creator.Airport;
				PRODUCT_NAME = "$(TARGET_NAME)";
				SWIFT_EMIT_LOC_STRINGS = YES;
				SWIFT_VERSION = 5.0;
				TARGETED_DEVICE_FAMILY = "1,2";
			};
			name = Debug;
		};
		AB289E472A443C49006E8BAB /* Release */ = {
			isa = XCBuildConfiguration;
			buildSettings = {
				ASSETCATALOG_COMPILER_APPICON_NAME = AppIcon;
				ASSETCATALOG_COMPILER_GLOBAL_ACCENT_COLOR_NAME = AccentColor;
				CODE_SIGN_STYLE = Automatic;
				CURRENT_PROJECT_VERSION = 1;
				DEVELOPMENT_ASSET_PATHS = "\"Airport/Preview Content\"";
				DEVELOPMENT_TEAM = 56TGU6D7YV;
				ENABLE_PREVIEWS = YES;
				GENERATE_INFOPLIST_FILE = YES;
				INFOPLIST_KEY_UIApplicationSceneManifest_Generation = YES;
				INFOPLIST_KEY_UIApplicationSupportsIndirectInputEvents = YES;
				INFOPLIST_KEY_UILaunchScreen_Generation = YES;
				INFOPLIST_KEY_UISupportedInterfaceOrientations_iPad = "UIInterfaceOrientationPortrait UIInterfaceOrientationPortraitUpsideDown UIInterfaceOrientationLandscapeLeft UIInterfaceOrientationLandscapeRight";
				INFOPLIST_KEY_UISupportedInterfaceOrientations_iPhone = "UIInterfaceOrientationPortrait UIInterfaceOrientationLandscapeLeft UIInterfaceOrientationLandscapeRight";
				LD_RUNPATH_SEARCH_PATHS = (
					"$(inherited)",
					"@executable_path/Frameworks",
				);
				MARKETING_VERSION = 1.0;
				PRODUCT_BUNDLE_IDENTIFIER = Panferov.Creator.Airport;
				PRODUCT_NAME = "$(TARGET_NAME)";
				SWIFT_EMIT_LOC_STRINGS = YES;
				SWIFT_VERSION = 5.0;
				TARGETED_DEVICE_FAMILY = "1,2";
			};
			name = Release;
		};
/* End XCBuildConfiguration section */

/* Begin XCConfigurationList section */
		AB289E322A443C48006E8BAB /* Build configuration list for PBXProject "Airport" */ = {
			isa = XCConfigurationList;
			buildConfigurations = (
				AB289E432A443C49006E8BAB /* Debug */,
				AB289E442A443C49006E8BAB /* Release */,
			);
			defaultConfigurationIsVisible = 0;
			defaultConfigurationName = Release;
		};
		AB289E452A443C49006E8BAB /* Build configuration list for PBXNativeTarget "Airport" */ = {
			isa = XCConfigurationList;
			buildConfigurations = (
				AB289E462A443C49006E8BAB /* Debug */,
				AB289E472A443C49006E8BAB /* Release */,
			);
			defaultConfigurationIsVisible = 0;
			defaultConfigurationName = Release;
		};
/* End XCConfigurationList section */
	};
	rootObject = AB289E2F2A443C48006E8BAB /* Project object */;
}
